
Microsoft Visual Studio Solution File, Format Version 12.00
# Visual Studio Version 16
VisualStudioVersion = 16.0.29519.181
MinimumVisualStudioVersion = 10.0.40219.1
Project("{FAE04EC0-301F-11D3-BF4B-00C04F79EFBC}") = "CS_Dictionary", "CS_Dictionary\CS_Dictionary.csproj", "{37BBC7F2-F87F-41D7-8E6C-426DDD905146}"
EndProject
Global
	GlobalSection(SolutionConfigurationPlatforms) = preSolution
		Debug|Any CPU = Debug|Any CPU
		Release|Any CPU = Release|Any CPU
	EndGlobalSection
	GlobalSection(ProjectConfigurationPlatforms) = postSolution
		{37BBC7F2-F87F-41D7-8E6C-426DDD905146}.Debug|Any CPU.ActiveCfg = Debug|Any CPU
		{37BBC7F2-F87F-41D7-8E6C-426DDD905146}.Debug|Any CPU.Build.0 = Debug|Any CPU
		{37BBC7F2-F87F-41D7-8E6C-426DDD905146}.Release|Any CPU.ActiveCfg = Release|Any CPU
		{37BBC7F2-F87F-41D7-8E6C-426DDD905146}.Release|Any CPU.Build.0 = Release|Any CPU
	EndGlobalSection
	GlobalSection(SolutionProperties) = preSolution
		HideSolutionNode = FALSE
	EndGlobalSection
	GlobalSection(ExtensibilityGlobals) = postSolution
		SolutionGuid = {D8ED62AA-387E-404E-B94A-AA686532CC77}
	EndGlobalSection
EndGlobal
